Microsoft Visual Studio Solution File, Format Version 11.00
# Visual Studio 2008

Project("{71772913-B8E4-074A-2DE2-F2F8837A54DE}") = "DreadyBearFactory", "Assembly-CSharp.csproj", "{D1DEE718-F89A-6127-4663-38F557AB4A8B}"
EndProject
Global
	GlobalSection(SolutionConfigurationPlatforms) = preSolution
		Debug|Any CPU = Debug|Any CPU
		Release|Any CPU = Release|Any CPU
	EndGlobalSection
	GlobalSection(ProjectConfigurationPlatforms) = postSolution
		{D1DEE718-F89A-6127-4663-38F557AB4A8B}.Debug|Any CPU.ActiveCfg = Debug|Any CPU
		{D1DEE718-F89A-6127-4663-38F557AB4A8B}.Debug|Any CPU.Build.0 = Debug|Any CPU
		{D1DEE718-F89A-6127-4663-38F557AB4A8B}.Release|Any CPU.ActiveCfg = Release|Any CPU
		{D1DEE718-F89A-6127-4663-38F557AB4A8B}.Release|Any CPU.Build.0 = Release|Any CPU
	EndGlobalSection
	GlobalSection(SolutionProperties) = preSolution
		HideSolutionNode = FALSE
	EndGlobalSection
	GlobalSection(MonoDevelopProperties) = preSolution
		StartupItem = Assembly-CSharp.csproj
	EndGlobalSection
EndGlobal
